
Microsoft Visual Studio Solution File, Format Version 12.00
# Visual Studio 15
VisualStudioVersion = 15.0.27130.2027
MinimumVisualStudioVersion = 10.0.40219.1
Project("{8BC9CEB8-8B4A-11D0-8D11-00A0C91BC942}") = "Server-Project", "Server-Project\Server-Project.vcxproj", "{6529DA7B-AFD5-484B-BFC1-12C918730751}"
EndProject
Global
	GlobalSection(SolutionConfigurationPlatforms) = preSolution
		Debug|x64 = Debug|x64
		Debug|x86 = Debug|x86
		Release|x64 = Release|x64
		Release|x86 = Release|x86
	EndGlobalSection
	GlobalSection(ProjectConfigurationPlatforms) = postSolution
		{6529DA7B-AFD5-484B-BFC1-12C918730751}.Debug|x64.ActiveCfg = Debug|x64
		{6529DA7B-AFD5-484B-BFC1-12C918730751}.Debug|x64.Build.0 = Debug|x64
		{6529DA7B-AFD5-484B-BFC1-12C918730751}.Debug|x86.ActiveCfg = Debug|Win32
		{6529DA7B-AFD5-484B-BFC1-12C918730751}.Debug|x86.Build.0 = Debug|Win32
		{6529DA7B-AFD5-484B-BFC1-12C918730751}.Release|x64.ActiveCfg = Release|x64
		{6529DA7B-AFD5-484B-BFC1-12C918730751}.Release|x64.Build.0 = Release|x64
		{6529DA7B-AFD5-484B-BFC1-12C918730751}.Release|x86.ActiveCfg = Release|Win32
		{6529DA7B-AFD5-484B-BFC1-12C918730751}.Release|x86.Build.0 = Release|Win32
	EndGlobalSection
	GlobalSection(SolutionProperties) = preSolution
		HideSolutionNode = FALSE
	EndGlobalSection
	GlobalSection(ExtensibilityGlobals) = postSolution
		SolutionGuid = {44FCF228-8A88-4507-966A-2622B040EDFB}
	EndGlobalSection
EndGlobal
